
Microsoft Visual Studio Solution File, Format Version 12.00
# Visual Studio Version 17
VisualStudioVersion = 17.7.34009.444
MinimumVisualStudioVersion = 10.0.40219.1
Project("{FAE04EC0-301F-11D3-BF4B-00C04F79EFBC}") = "2.0Uzduotis_IF", "2.0Uzduotis_IF.csproj", "{D13A7258-B6D8-4164-AA14-7B7C08D56183}"
EndProject
Global
	GlobalSection(SolutionConfigurationPlatforms) = preSolution
		Debug|Any CPU = Debug|Any CPU
		Release|Any CPU = Release|Any CPU
	EndGlobalSection
	GlobalSection(ProjectConfigurationPlatforms) = postSolution
		{D13A7258-B6D8-4164-AA14-7B7C08D56183}.Debug|Any CPU.ActiveCfg = Debug|Any CPU
		{D13A7258-B6D8-4164-AA14-7B7C08D56183}.Debug|Any CPU.Build.0 = Debug|Any CPU
		{D13A7258-B6D8-4164-AA14-7B7C08D56183}.Release|Any CPU.ActiveCfg = Release|Any CPU
		{D13A7258-B6D8-4164-AA14-7B7C08D56183}.Release|Any CPU.Build.0 = Release|Any CPU
	EndGlobalSection
	GlobalSection(SolutionProperties) = preSolution
		HideSolutionNode = FALSE
	EndGlobalSection
	GlobalSection(ExtensibilityGlobals) = postSolution
		SolutionGuid = {4658B352-B60C-466F-8163-AB9EA1F423C7}
	EndGlobalSection
EndGlobal
